{
  "name": "MERN-Stack-Hospital-Management-System-Web-Application",
  "lockfileVersion": 3,
  "requires": true,
  "packages": {
    "": {
      "dependencies": {
        "@cloudinary/url-gen": "^1.21.0"
      }
    },
    "node_modules/@cloudinary/transformation-builder-sdk": {
      "version": "1.16.1",
      "resolved": "https://registry.npmjs.org/@cloudinary/transformation-builder-sdk/-/transformation-builder-sdk-1.16.1.tgz",
      "integrity": "sha512-Mh1qYMkoDxSAzbt0qY9NJaZrdH/vFBcrpeVWmbTXbPVDZHLaaLyJ2+RDFGger5lycbrehPLoNp2hh22BvhkvbQ==",
      "dependencies": {
        "@cloudinary/url-gen": "^1.7.0"
      }
    },
    "node_modules/@cloudinary/url-gen": {
      "version": "1.21.0",
      "resolved": "https://registry.npmjs.org/@cloudinary/url-gen/-/url-gen-1.21.0.tgz",
      "integrity": "sha512-ctYcCzX3G3vcgnESTU2ET3K1XsBiXcEnBddCGV0QbR3fJhLLrIShjSMEwZoepgh4LAFOHJu9DzvLFr+E8R7c7g==",
      "dependencies": {
        "@cloudinary/transformation-builder-sdk": "^1.15.1"
      }
    }
  }
}
